
Microsoft Visual Studio Solution File, Format Version 12.00
# Visual Studio 15
Project("{FAE04EC0-301F-11D3-BF4B-00C04F79EFBC}") = "UnityGameFramework.Runtime", "UnityGameFramework.Runtime.csproj", "{F5AD0662-A1F9-7FB8-A354-F04C0A30B6AF}"
EndProject
Project("{FAE04EC0-301F-11D3-BF4B-00C04F79EFBC}") = "GameFramework", "GameFramework.csproj", "{9AEC905B-90E6-F55C-69A7-A63D80513C77}"
EndProject
Project("{FAE04EC0-301F-11D3-BF4B-00C04F79EFBC}") = "Builtin.Runtime", "Builtin.Runtime.csproj", "{23FF6FFB-E0D9-A111-8176-EFE6E60FE833}"
EndProject
Project("{FAE04EC0-301F-11D3-BF4B-00C04F79EFBC}") = "ZString", "ZString.csproj", "{41705369-4BF8-7FB3-E87C-09CD8AC09EAF}"
EndProject
Project("{FAE04EC0-301F-11D3-BF4B-00C04F79EFBC}") = "DOTween.Extension", "DOTween.Extension.csproj", "{BEA53E04-7A4B-762B-21FD-BF03A3CCC58B}"
EndProject
Project("{FAE04EC0-301F-11D3-BF4B-00C04F79EFBC}") = "UnityGameFramework.Editor", "UnityGameFramework.Editor.csproj", "{D698F045-5E60-33FB-6261-749360977C5D}"
EndProject
Project("{FAE04EC0-301F-11D3-BF4B-00C04F79EFBC}") = "UniTask", "UniTask.csproj", "{D53334B5-CF22-98D7-5634-9CCA1EB8BD84}"
EndProject
Project("{FAE04EC0-301F-11D3-BF4B-00C04F79EFBC}") = "Assembly-CSharp-Editor", "Assembly-CSharp-Editor.csproj", "{30302B1E-A388-4A6B-E025-DBB4FF8177DD}"
EndProject
Project("{FAE04EC0-301F-11D3-BF4B-00C04F79EFBC}") = "UniTask.Linq", "UniTask.Linq.csproj", "{23725B00-B14A-3C28-7FF8-F99BA72E3291}"
EndProject
Project("{FAE04EC0-301F-11D3-BF4B-00C04F79EFBC}") = "Hotfix", "Hotfix.csproj", "{FB59BEB9-714B-8F86-DCC3-230B2B1B8C50}"
EndProject
Project("{FAE04EC0-301F-11D3-BF4B-00C04F79EFBC}") = "UniTask.Addressables", "UniTask.Addressables.csproj", "{1E173E3B-5FFD-B96E-6481-9725F473B867}"
EndProject
Project("{FAE04EC0-301F-11D3-BF4B-00C04F79EFBC}") = "Assembly-CSharp-Editor-firstpass", "Assembly-CSharp-Editor-firstpass.csproj", "{1DF35D4B-EA8E-74F0-481B-293CC5057D72}"
EndProject
Project("{FAE04EC0-301F-11D3-BF4B-00C04F79EFBC}") = "UniTask.TextMeshPro", "UniTask.TextMeshPro.csproj", "{4F86D733-D621-BC9F-CFF2-928F60507718}"
EndProject
Project("{FAE04EC0-301F-11D3-BF4B-00C04F79EFBC}") = "UniTask.DOTween", "UniTask.DOTween.csproj", "{4261D64D-3B7C-06FD-F381-E09D605AB301}"
EndProject
Project("{FAE04EC0-301F-11D3-BF4B-00C04F79EFBC}") = "UltimateJoystick", "UltimateJoystick.csproj", "{675A7565-FE94-1D47-C5E2-6DAEA82A3399}"
EndProject
Project("{FAE04EC0-301F-11D3-BF4B-00C04F79EFBC}") = "UniTask.Editor", "UniTask.Editor.csproj", "{0F4D7E38-624D-58CD-8699-88660306C94A}"
EndProject
Global
	GlobalSection(SolutionConfigurationPlatforms) = preSolution
		Debug|Any CPU = Debug|Any CPU
		Release|Any CPU = Release|Any CPU
	EndGlobalSection
	GlobalSection(ProjectConfigurationPlatforms) = postSolution
		{F5AD0662-A1F9-7FB8-A354-F04C0A30B6AF}.Debug|Any CPU.ActiveCfg = Debug|Any CPU
		{F5AD0662-A1F9-7FB8-A354-F04C0A30B6AF}.Debug|Any CPU.Build.0 = Debug|Any CPU
		{F5AD0662-A1F9-7FB8-A354-F04C0A30B6AF}.Release|Any CPU.ActiveCfg = Release|Any CPU
		{F5AD0662-A1F9-7FB8-A354-F04C0A30B6AF}.Release|Any CPU.Build.0 = Release|Any CPU
		{9AEC905B-90E6-F55C-69A7-A63D80513C77}.Debug|Any CPU.ActiveCfg = Debug|Any CPU
		{9AEC905B-90E6-F55C-69A7-A63D80513C77}.Debug|Any CPU.Build.0 = Debug|Any CPU
		{9AEC905B-90E6-F55C-69A7-A63D80513C77}.Release|Any CPU.ActiveCfg = Release|Any CPU
		{9AEC905B-90E6-F55C-69A7-A63D80513C77}.Release|Any CPU.Build.0 = Release|Any CPU
		{23FF6FFB-E0D9-A111-8176-EFE6E60FE833}.Debug|Any CPU.ActiveCfg = Debug|Any CPU
		{23FF6FFB-E0D9-A111-8176-EFE6E60FE833}.Debug|Any CPU.Build.0 = Debug|Any CPU
		{23FF6FFB-E0D9-A111-8176-EFE6E60FE833}.Release|Any CPU.ActiveCfg = Release|Any CPU
		{23FF6FFB-E0D9-A111-8176-EFE6E60FE833}.Release|Any CPU.Build.0 = Release|Any CPU
		{41705369-4BF8-7FB3-E87C-09CD8AC09EAF}.Debug|Any CPU.ActiveCfg = Debug|Any CPU
		{41705369-4BF8-7FB3-E87C-09CD8AC09EAF}.Debug|Any CPU.Build.0 = Debug|Any CPU
		{41705369-4BF8-7FB3-E87C-09CD8AC09EAF}.Release|Any CPU.ActiveCfg = Release|Any CPU
		{41705369-4BF8-7FB3-E87C-09CD8AC09EAF}.Release|Any CPU.Build.0 = Release|Any CPU
		{BEA53E04-7A4B-762B-21FD-BF03A3CCC58B}.Debug|Any CPU.ActiveCfg = Debug|Any CPU
		{BEA53E04-7A4B-762B-21FD-BF03A3CCC58B}.Debug|Any CPU.Build.0 = Debug|Any CPU
		{BEA53E04-7A4B-762B-21FD-BF03A3CCC58B}.Release|Any CPU.ActiveCfg = Release|Any CPU
		{BEA53E04-7A4B-762B-21FD-BF03A3CCC58B}.Release|Any CPU.Build.0 = Release|Any CPU
		{D698F045-5E60-33FB-6261-749360977C5D}.Debug|Any CPU.ActiveCfg = Debug|Any CPU
		{D698F045-5E60-33FB-6261-749360977C5D}.Debug|Any CPU.Build.0 = Debug|Any CPU
		{D698F045-5E60-33FB-6261-749360977C5D}.Release|Any CPU.ActiveCfg = Release|Any CPU
		{D698F045-5E60-33FB-6261-749360977C5D}.Release|Any CPU.Build.0 = Release|Any CPU
		{D53334B5-CF22-98D7-5634-9CCA1EB8BD84}.Debug|Any CPU.ActiveCfg = Debug|Any CPU
		{D53334B5-CF22-98D7-5634-9CCA1EB8BD84}.Debug|Any CPU.Build.0 = Debug|Any CPU
		{D53334B5-CF22-98D7-5634-9CCA1EB8BD84}.Release|Any CPU.ActiveCfg = Release|Any CPU
		{D53334B5-CF22-98D7-5634-9CCA1EB8BD84}.Release|Any CPU.Build.0 = Release|Any CPU
		{30302B1E-A388-4A6B-E025-DBB4FF8177DD}.Debug|Any CPU.ActiveCfg = Debug|Any CPU
		{30302B1E-A388-4A6B-E025-DBB4FF8177DD}.Debug|Any CPU.Build.0 = Debug|Any CPU
		{30302B1E-A388-4A6B-E025-DBB4FF8177DD}.Release|Any CPU.ActiveCfg = Release|Any CPU
		{30302B1E-A388-4A6B-E025-DBB4FF8177DD}.Release|Any CPU.Build.0 = Release|Any CPU
		{23725B00-B14A-3C28-7FF8-F99BA72E3291}.Debug|Any CPU.ActiveCfg = Debug|Any CPU
		{23725B00-B14A-3C28-7FF8-F99BA72E3291}.Debug|Any CPU.Build.0 = Debug|Any CPU
		{23725B00-B14A-3C28-7FF8-F99BA72E3291}.Release|Any CPU.ActiveCfg = Release|Any CPU
		{23725B00-B14A-3C28-7FF8-F99BA72E3291}.Release|Any CPU.Build.0 = Release|Any CPU
		{FB59BEB9-714B-8F86-DCC3-230B2B1B8C50}.Debug|Any CPU.ActiveCfg = Debug|Any CPU
		{FB59BEB9-714B-8F86-DCC3-230B2B1B8C50}.Debug|Any CPU.Build.0 = Debug|Any CPU
		{FB59BEB9-714B-8F86-DCC3-230B2B1B8C50}.Release|Any CPU.ActiveCfg = Release|Any CPU
		{FB59BEB9-714B-8F86-DCC3-230B2B1B8C50}.Release|Any CPU.Build.0 = Release|Any CPU
		{1E173E3B-5FFD-B96E-6481-9725F473B867}.Debug|Any CPU.ActiveCfg = Debug|Any CPU
		{1E173E3B-5FFD-B96E-6481-9725F473B867}.Debug|Any CPU.Build.0 = Debug|Any CPU
		{1E173E3B-5FFD-B96E-6481-9725F473B867}.Release|Any CPU.ActiveCfg = Release|Any CPU
		{1E173E3B-5FFD-B96E-6481-9725F473B867}.Release|Any CPU.Build.0 = Release|Any CPU
		{1DF35D4B-EA8E-74F0-481B-293CC5057D72}.Debug|Any CPU.ActiveCfg = Debug|Any CPU
		{1DF35D4B-EA8E-74F0-481B-293CC5057D72}.Debug|Any CPU.Build.0 = Debug|Any CPU
		{1DF35D4B-EA8E-74F0-481B-293CC5057D72}.Release|Any CPU.ActiveCfg = Release|Any CPU
		{1DF35D4B-EA8E-74F0-481B-293CC5057D72}.Release|Any CPU.Build.0 = Release|Any CPU
		{4F86D733-D621-BC9F-CFF2-928F60507718}.Debug|Any CPU.ActiveCfg = Debug|Any CPU
		{4F86D733-D621-BC9F-CFF2-928F60507718}.Debug|Any CPU.Build.0 = Debug|Any CPU
		{4F86D733-D621-BC9F-CFF2-928F60507718}.Release|Any CPU.ActiveCfg = Release|Any CPU
		{4F86D733-D621-BC9F-CFF2-928F60507718}.Release|Any CPU.Build.0 = Release|Any CPU
		{4261D64D-3B7C-06FD-F381-E09D605AB301}.Debug|Any CPU.ActiveCfg = Debug|Any CPU
		{4261D64D-3B7C-06FD-F381-E09D605AB301}.Debug|Any CPU.Build.0 = Debug|Any CPU
		{4261D64D-3B7C-06FD-F381-E09D605AB301}.Release|Any CPU.ActiveCfg = Release|Any CPU
		{4261D64D-3B7C-06FD-F381-E09D605AB301}.Release|Any CPU.Build.0 = Release|Any CPU
		{675A7565-FE94-1D47-C5E2-6DAEA82A3399}.Debug|Any CPU.ActiveCfg = Debug|Any CPU
		{675A7565-FE94-1D47-C5E2-6DAEA82A3399}.Debug|Any CPU.Build.0 = Debug|Any CPU
		{675A7565-FE94-1D47-C5E2-6DAEA82A3399}.Release|Any CPU.ActiveCfg = Release|Any CPU
		{675A7565-FE94-1D47-C5E2-6DAEA82A3399}.Release|Any CPU.Build.0 = Release|Any CPU
		{0F4D7E38-624D-58CD-8699-88660306C94A}.Debug|Any CPU.ActiveCfg = Debug|Any CPU
		{0F4D7E38-624D-58CD-8699-88660306C94A}.Debug|Any CPU.Build.0 = Debug|Any CPU
		{0F4D7E38-624D-58CD-8699-88660306C94A}.Release|Any CPU.ActiveCfg = Release|Any CPU
		{0F4D7E38-624D-58CD-8699-88660306C94A}.Release|Any CPU.Build.0 = Release|Any CPU
	EndGlobalSection
	GlobalSection(SolutionProperties) = preSolution
		HideSolutionNode = FALSE
	EndGlobalSection
EndGlobal
